
Microsoft Visual Studio Solution File, Format Version 11.00
# Visual Studio 2010
Project("{FAE04EC0-301F-11D3-BF4B-00C04F79EFBC}") = "UnityEngine.UI", "UnityEngine.UI.csproj", "{a3764a47-c93f-b49b-5490-e5ed2a7ade2a}"
EndProject
Project("{FAE04EC0-301F-11D3-BF4B-00C04F79EFBC}") = "Assembly-CSharp", "Assembly-CSharp.csproj", "{f61b2256-165e-88ac-f740-7609acf02a7d}"
EndProject
Project("{FAE04EC0-301F-11D3-BF4B-00C04F79EFBC}") = "UnityEditor.UI", "UnityEditor.UI.csproj", "{c79e403e-11dd-2c05-94f3-763824cb4c43}"
EndProject
Global
	GlobalSection(SolutionConfigurationPlatforms) = preSolution
		Debug|Any CPU = Debug|Any CPU
	EndGlobalSection
	GlobalSection(ProjectConfigurationPlatforms) = postSolution
		{a3764a47-c93f-b49b-5490-e5ed2a7ade2a}.Debug|Any CPU.ActiveCfg = Debug|Any CPU
		{a3764a47-c93f-b49b-5490-e5ed2a7ade2a}.Debug|Any CPU.Build.0 = Debug|Any CPU
		{f61b2256-165e-88ac-f740-7609acf02a7d}.Debug|Any CPU.ActiveCfg = Debug|Any CPU
		{f61b2256-165e-88ac-f740-7609acf02a7d}.Debug|Any CPU.Build.0 = Debug|Any CPU
		{c79e403e-11dd-2c05-94f3-763824cb4c43}.Debug|Any CPU.ActiveCfg = Debug|Any CPU
		{c79e403e-11dd-2c05-94f3-763824cb4c43}.Debug|Any CPU.Build.0 = Debug|Any CPU
	EndGlobalSection
	GlobalSection(SolutionProperties) = preSolution
		HideSolutionNode = FALSE
	EndGlobalSection
EndGlobal
